
Microsoft Visual Studio Solution File, Format Version 12.00
# Visual Studio Version 16
VisualStudioVersion = 16.0.29911.84
MinimumVisualStudioVersion = 10.0.40219.1
Project("{FAE04EC0-301F-11D3-BF4B-00C04F79EFBC}") = "AHKPresetCreator", "AHKPresetCreator\AHKPresetCreator.csproj", "{E8BC599A-AC4C-4BBB-8535-4ADD37F78F32}"
EndProject
Global
	GlobalSection(SolutionConfigurationPlatforms) = preSolution
		Debug|Any CPU = Debug|Any CPU
		Release|Any CPU = Release|Any CPU
	EndGlobalSection
	GlobalSection(ProjectConfigurationPlatforms) = postSolution
		{E8BC599A-AC4C-4BBB-8535-4ADD37F78F32}.Debug|Any CPU.ActiveCfg = Debug|Any CPU
		{E8BC599A-AC4C-4BBB-8535-4ADD37F78F32}.Debug|Any CPU.Build.0 = Debug|Any CPU
		{E8BC599A-AC4C-4BBB-8535-4ADD37F78F32}.Release|Any CPU.ActiveCfg = Release|Any CPU
		{E8BC599A-AC4C-4BBB-8535-4ADD37F78F32}.Release|Any CPU.Build.0 = Release|Any CPU
	EndGlobalSection
	GlobalSection(SolutionProperties) = preSolution
		HideSolutionNode = FALSE
	EndGlobalSection
	GlobalSection(ExtensibilityGlobals) = postSolution
		SolutionGuid = {2A519DC7-A618-4D50-A15A-12C26BACF4B3}
	EndGlobalSection
EndGlobal
