
Microsoft Visual Studio Solution File, Format Version 12.00
# Visual Studio Version 16
VisualStudioVersion = 16.0.29911.84
MinimumVisualStudioVersion = 15.0.26124.0
Project("{9A19103F-16F7-4668-BE54-9A1E7A4F7556}") = "API", "API\API.csproj", "{3729DB19-959C-432A-B333-25FEA0FEF5A8}"
EndProject
Project("{2150E333-8FDC-42A3-9474-1A3956D46DE8}") = "Clients", "Clients", "{64B99DA5-F152-4482-B5C1-71366DAE0643}"
EndProject
Project("{2150E333-8FDC-42A3-9474-1A3956D46DE8}") = "Managers", "Managers", "{60F96670-D22E-458B-846B-617CF36DE8AF}"
EndProject
Project("{2150E333-8FDC-42A3-9474-1A3956D46DE8}") = "Engines", "Engines", "{2B2DE195-BD12-4D2A-8E33-FB7301E8B43B}"
EndProject
Project("{2150E333-8FDC-42A3-9474-1A3956D46DE8}") = "Accessors", "Accessors", "{DD155C54-64B2-43D4-B915-8D74691DAC64}"
EndProject
Project("{2150E333-8FDC-42A3-9474-1A3956D46DE8}") = "Shared", "Shared", "{CDFC7E67-F927-417E-9181-DF7E6C982B3E}"
EndProject
Project("{9A19103F-16F7-4668-BE54-9A1E7A4F7556}") = "DataAccessors", "DataAccessors\DataAccessors.csproj", "{DCB9687E-9D3E-40C2-A86D-C06CCE56F3ED}"
EndProject
Project("{9A19103F-16F7-4668-BE54-9A1E7A4F7556}") = "Contracts", "Contracts\Contracts.csproj", "{AB8E6725-33D2-404A-AF1E-3BCFDF1BDE3E}"
EndProject
Project("{9A19103F-16F7-4668-BE54-9A1E7A4F7556}") = "DataContracts", "DataContracts\DataContracts.csproj", "{AC1B9A4C-395D-4BFA-8C45-432D3AC2E4EB}"
EndProject
Project("{2150E333-8FDC-42A3-9474-1A3956D46DE8}") = "Tests", "Tests", "{5E4E9918-5694-433C-BD27-37CE32405EB9}"
EndProject
Project("{9A19103F-16F7-4668-BE54-9A1E7A4F7556}") = "Engines", "Engines\Engines.csproj", "{B63C3A8B-53ED-4E83-A2CC-5AA4C3D4D34E}"
EndProject
Project("{9A19103F-16F7-4668-BE54-9A1E7A4F7556}") = "Managers", "Managers\Managers.csproj", "{8E48C102-00EC-4BF5-8AEB-705A32C73E9D}"
EndProject
Project("{FAE04EC0-301F-11D3-BF4B-00C04F79EFBC}") = "Web", "Web\Web.csproj", "{AF934106-3441-4830-B90A-BE4A6F91F49D}"
EndProject
Project("{FAE04EC0-301F-11D3-BF4B-00C04F79EFBC}") = "MVCWebApp", "MVCWebApp\MVCWebApp.csproj", "{73F96F09-A6A5-451D-B9C2-A3AAA6CCFCDE}"
EndProject
Global
	GlobalSection(SolutionConfigurationPlatforms) = preSolution
		Debug|Any CPU = Debug|Any CPU
		Debug|x64 = Debug|x64
		Debug|x86 = Debug|x86
		Release|Any CPU = Release|Any CPU
		Release|x64 = Release|x64
		Release|x86 = Release|x86
	EndGlobalSection
	GlobalSection(ProjectConfigurationPlatforms) = postSolution
		{3729DB19-959C-432A-B333-25FEA0FEF5A8}.Debug|Any CPU.ActiveCfg = Debug|Any CPU
		{3729DB19-959C-432A-B333-25FEA0FEF5A8}.Debug|Any CPU.Build.0 = Debug|Any CPU
		{3729DB19-959C-432A-B333-25FEA0FEF5A8}.Debug|x64.ActiveCfg = Debug|Any CPU
		{3729DB19-959C-432A-B333-25FEA0FEF5A8}.Debug|x64.Build.0 = Debug|Any CPU
		{3729DB19-959C-432A-B333-25FEA0FEF5A8}.Debug|x86.ActiveCfg = Debug|Any CPU
		{3729DB19-959C-432A-B333-25FEA0FEF5A8}.Debug|x86.Build.0 = Debug|Any CPU
		{3729DB19-959C-432A-B333-25FEA0FEF5A8}.Release|Any CPU.ActiveCfg = Release|Any CPU
		{3729DB19-959C-432A-B333-25FEA0FEF5A8}.Release|Any CPU.Build.0 = Release|Any CPU
		{3729DB19-959C-432A-B333-25FEA0FEF5A8}.Release|x64.ActiveCfg = Release|Any CPU
		{3729DB19-959C-432A-B333-25FEA0FEF5A8}.Release|x64.Build.0 = Release|Any CPU
		{3729DB19-959C-432A-B333-25FEA0FEF5A8}.Release|x86.ActiveCfg = Release|Any CPU
		{3729DB19-959C-432A-B333-25FEA0FEF5A8}.Release|x86.Build.0 = Release|Any CPU
		{DCB9687E-9D3E-40C2-A86D-C06CCE56F3ED}.Debug|Any CPU.ActiveCfg = Debug|Any CPU
		{DCB9687E-9D3E-40C2-A86D-C06CCE56F3ED}.Debug|Any CPU.Build.0 = Debug|Any CPU
		{DCB9687E-9D3E-40C2-A86D-C06CCE56F3ED}.Debug|x64.ActiveCfg = Debug|Any CPU
		{DCB9687E-9D3E-40C2-A86D-C06CCE56F3ED}.Debug|x64.Build.0 = Debug|Any CPU
		{DCB9687E-9D3E-40C2-A86D-C06CCE56F3ED}.Debug|x86.ActiveCfg = Debug|Any CPU
		{DCB9687E-9D3E-40C2-A86D-C06CCE56F3ED}.Debug|x86.Build.0 = Debug|Any CPU
		{DCB9687E-9D3E-40C2-A86D-C06CCE56F3ED}.Release|Any CPU.ActiveCfg = Release|Any CPU
		{DCB9687E-9D3E-40C2-A86D-C06CCE56F3ED}.Release|Any CPU.Build.0 = Release|Any CPU
		{DCB9687E-9D3E-40C2-A86D-C06CCE56F3ED}.Release|x64.ActiveCfg = Release|Any CPU
		{DCB9687E-9D3E-40C2-A86D-C06CCE56F3ED}.Release|x64.Build.0 = Release|Any CPU
		{DCB9687E-9D3E-40C2-A86D-C06CCE56F3ED}.Release|x86.ActiveCfg = Release|Any CPU
		{DCB9687E-9D3E-40C2-A86D-C06CCE56F3ED}.Release|x86.Build.0 = Release|Any CPU
		{AB8E6725-33D2-404A-AF1E-3BCFDF1BDE3E}.Debug|Any CPU.ActiveCfg = Debug|Any CPU
		{AB8E6725-33D2-404A-AF1E-3BCFDF1BDE3E}.Debug|Any CPU.Build.0 = Debug|Any CPU
		{AB8E6725-33D2-404A-AF1E-3BCFDF1BDE3E}.Debug|x64.ActiveCfg = Debug|Any CPU
		{AB8E6725-33D2-404A-AF1E-3BCFDF1BDE3E}.Debug|x64.Build.0 = Debug|Any CPU
		{AB8E6725-33D2-404A-AF1E-3BCFDF1BDE3E}.Debug|x86.ActiveCfg = Debug|Any CPU
		{AB8E6725-33D2-404A-AF1E-3BCFDF1BDE3E}.Debug|x86.Build.0 = Debug|Any CPU
		{AB8E6725-33D2-404A-AF1E-3BCFDF1BDE3E}.Release|Any CPU.ActiveCfg = Release|Any CPU
		{AB8E6725-33D2-404A-AF1E-3BCFDF1BDE3E}.Release|Any CPU.Build.0 = Release|Any CPU
		{AB8E6725-33D2-404A-AF1E-3BCFDF1BDE3E}.Release|x64.ActiveCfg = Release|Any CPU
		{AB8E6725-33D2-404A-AF1E-3BCFDF1BDE3E}.Release|x64.Build.0 = Release|Any CPU
		{AB8E6725-33D2-404A-AF1E-3BCFDF1BDE3E}.Release|x86.ActiveCfg = Release|Any CPU
		{AB8E6725-33D2-404A-AF1E-3BCFDF1BDE3E}.Release|x86.Build.0 = Release|Any CPU
		{AC1B9A4C-395D-4BFA-8C45-432D3AC2E4EB}.Debug|Any CPU.ActiveCfg = Debug|Any CPU
		{AC1B9A4C-395D-4BFA-8C45-432D3AC2E4EB}.Debug|Any CPU.Build.0 = Debug|Any CPU
		{AC1B9A4C-395D-4BFA-8C45-432D3AC2E4EB}.Debug|x64.ActiveCfg = Debug|Any CPU
		{AC1B9A4C-395D-4BFA-8C45-432D3AC2E4EB}.Debug|x64.Build.0 = Debug|Any CPU
		{AC1B9A4C-395D-4BFA-8C45-432D3AC2E4EB}.Debug|x86.ActiveCfg = Debug|Any CPU
		{AC1B9A4C-395D-4BFA-8C45-432D3AC2E4EB}.Debug|x86.Build.0 = Debug|Any CPU
		{AC1B9A4C-395D-4BFA-8C45-432D3AC2E4EB}.Release|Any CPU.ActiveCfg = Release|Any CPU
		{AC1B9A4C-395D-4BFA-8C45-432D3AC2E4EB}.Release|Any CPU.Build.0 = Release|Any CPU
		{AC1B9A4C-395D-4BFA-8C45-432D3AC2E4EB}.Release|x64.ActiveCfg = Release|Any CPU
		{AC1B9A4C-395D-4BFA-8C45-432D3AC2E4EB}.Release|x64.Build.0 = Release|Any CPU
		{AC1B9A4C-395D-4BFA-8C45-432D3AC2E4EB}.Release|x86.ActiveCfg = Release|Any CPU
		{AC1B9A4C-395D-4BFA-8C45-432D3AC2E4EB}.Release|x86.Build.0 = Release|Any CPU
		{B63C3A8B-53ED-4E83-A2CC-5AA4C3D4D34E}.Debug|Any CPU.ActiveCfg = Debug|Any CPU
		{B63C3A8B-53ED-4E83-A2CC-5AA4C3D4D34E}.Debug|Any CPU.Build.0 = Debug|Any CPU
		{B63C3A8B-53ED-4E83-A2CC-5AA4C3D4D34E}.Debug|x64.ActiveCfg = Debug|Any CPU
		{B63C3A8B-53ED-4E83-A2CC-5AA4C3D4D34E}.Debug|x64.Build.0 = Debug|Any CPU
		{B63C3A8B-53ED-4E83-A2CC-5AA4C3D4D34E}.Debug|x86.ActiveCfg = Debug|Any CPU
		{B63C3A8B-53ED-4E83-A2CC-5AA4C3D4D34E}.Debug|x86.Build.0 = Debug|Any CPU
		{B63C3A8B-53ED-4E83-A2CC-5AA4C3D4D34E}.Release|Any CPU.ActiveCfg = Release|Any CPU
		{B63C3A8B-53ED-4E83-A2CC-5AA4C3D4D34E}.Release|Any CPU.Build.0 = Release|Any CPU
		{B63C3A8B-53ED-4E83-A2CC-5AA4C3D4D34E}.Release|x64.ActiveCfg = Release|Any CPU
		{B63C3A8B-53ED-4E83-A2CC-5AA4C3D4D34E}.Release|x64.Build.0 = Release|Any CPU
		{B63C3A8B-53ED-4E83-A2CC-5AA4C3D4D34E}.Release|x86.ActiveCfg = Release|Any CPU
		{B63C3A8B-53ED-4E83-A2CC-5AA4C3D4D34E}.Release|x86.Build.0 = Release|Any CPU
		{8E48C102-00EC-4BF5-8AEB-705A32C73E9D}.Debug|Any CPU.ActiveCfg = Debug|Any CPU
		{8E48C102-00EC-4BF5-8AEB-705A32C73E9D}.Debug|Any CPU.Build.0 = Debug|Any CPU
		{8E48C102-00EC-4BF5-8AEB-705A32C73E9D}.Debug|x64.ActiveCfg = Debug|Any CPU
		{8E48C102-00EC-4BF5-8AEB-705A32C73E9D}.Debug|x64.Build.0 = Debug|Any CPU
		{8E48C102-00EC-4BF5-8AEB-705A32C73E9D}.Debug|x86.ActiveCfg = Debug|Any CPU
		{8E48C102-00EC-4BF5-8AEB-705A32C73E9D}.Debug|x86.Build.0 = Debug|Any CPU
		{8E48C102-00EC-4BF5-8AEB-705A32C73E9D}.Release|Any CPU.ActiveCfg = Release|Any CPU
		{8E48C102-00EC-4BF5-8AEB-705A32C73E9D}.Release|Any CPU.Build.0 = Release|Any CPU
		{8E48C102-00EC-4BF5-8AEB-705A32C73E9D}.Release|x64.ActiveCfg = Release|Any CPU
		{8E48C102-00EC-4BF5-8AEB-705A32C73E9D}.Release|x64.Build.0 = Release|Any CPU
		{8E48C102-00EC-4BF5-8AEB-705A32C73E9D}.Release|x86.ActiveCfg = Release|Any CPU
		{8E48C102-00EC-4BF5-8AEB-705A32C73E9D}.Release|x86.Build.0 = Release|Any CPU
		{AF934106-3441-4830-B90A-BE4A6F91F49D}.Debug|Any CPU.ActiveCfg = Debug|Any CPU
		{AF934106-3441-4830-B90A-BE4A6F91F49D}.Debug|Any CPU.Build.0 = Debug|Any CPU
		{AF934106-3441-4830-B90A-BE4A6F91F49D}.Debug|x64.ActiveCfg = Debug|Any CPU
		{AF934106-3441-4830-B90A-BE4A6F91F49D}.Debug|x64.Build.0 = Debug|Any CPU
		{AF934106-3441-4830-B90A-BE4A6F91F49D}.Debug|x86.ActiveCfg = Debug|Any CPU
		{AF934106-3441-4830-B90A-BE4A6F91F49D}.Debug|x86.Build.0 = Debug|Any CPU
		{AF934106-3441-4830-B90A-BE4A6F91F49D}.Release|Any CPU.ActiveCfg = Release|Any CPU
		{AF934106-3441-4830-B90A-BE4A6F91F49D}.Release|Any CPU.Build.0 = Release|Any CPU
		{AF934106-3441-4830-B90A-BE4A6F91F49D}.Release|x64.ActiveCfg = Release|Any CPU
		{AF934106-3441-4830-B90A-BE4A6F91F49D}.Release|x64.Build.0 = Release|Any CPU
		{AF934106-3441-4830-B90A-BE4A6F91F49D}.Release|x86.ActiveCfg = Release|Any CPU
		{AF934106-3441-4830-B90A-BE4A6F91F49D}.Release|x86.Build.0 = Release|Any CPU
		{73F96F09-A6A5-451D-B9C2-A3AAA6CCFCDE}.Debug|Any CPU.ActiveCfg = Debug|Any CPU
		{73F96F09-A6A5-451D-B9C2-A3AAA6CCFCDE}.Debug|Any CPU.Build.0 = Debug|Any CPU
		{73F96F09-A6A5-451D-B9C2-A3AAA6CCFCDE}.Debug|x64.ActiveCfg = Debug|Any CPU
		{73F96F09-A6A5-451D-B9C2-A3AAA6CCFCDE}.Debug|x64.Build.0 = Debug|Any CPU
		{73F96F09-A6A5-451D-B9C2-A3AAA6CCFCDE}.Debug|x86.ActiveCfg = Debug|Any CPU
		{73F96F09-A6A5-451D-B9C2-A3AAA6CCFCDE}.Debug|x86.Build.0 = Debug|Any CPU
		{73F96F09-A6A5-451D-B9C2-A3AAA6CCFCDE}.Release|Any CPU.ActiveCfg = Release|Any CPU
		{73F96F09-A6A5-451D-B9C2-A3AAA6CCFCDE}.Release|Any CPU.Build.0 = Release|Any CPU
		{73F96F09-A6A5-451D-B9C2-A3AAA6CCFCDE}.Release|x64.ActiveCfg = Release|Any CPU
		{73F96F09-A6A5-451D-B9C2-A3AAA6CCFCDE}.Release|x64.Build.0 = Release|Any CPU
		{73F96F09-A6A5-451D-B9C2-A3AAA6CCFCDE}.Release|x86.ActiveCfg = Release|Any CPU
		{73F96F09-A6A5-451D-B9C2-A3AAA6CCFCDE}.Release|x86.Build.0 = Release|Any CPU
	EndGlobalSection
	GlobalSection(SolutionProperties) = preSolution
		HideSolutionNode = FALSE
	EndGlobalSection
	GlobalSection(NestedProjects) = preSolution
		{3729DB19-959C-432A-B333-25FEA0FEF5A8} = {64B99DA5-F152-4482-B5C1-71366DAE0643}
		{DCB9687E-9D3E-40C2-A86D-C06CCE56F3ED} = {DD155C54-64B2-43D4-B915-8D74691DAC64}
		{AB8E6725-33D2-404A-AF1E-3BCFDF1BDE3E} = {CDFC7E67-F927-417E-9181-DF7E6C982B3E}
		{AC1B9A4C-395D-4BFA-8C45-432D3AC2E4EB} = {CDFC7E67-F927-417E-9181-DF7E6C982B3E}
		{B63C3A8B-53ED-4E83-A2CC-5AA4C3D4D34E} = {2B2DE195-BD12-4D2A-8E33-FB7301E8B43B}
		{8E48C102-00EC-4BF5-8AEB-705A32C73E9D} = {60F96670-D22E-458B-846B-617CF36DE8AF}
		{AF934106-3441-4830-B90A-BE4A6F91F49D} = {64B99DA5-F152-4482-B5C1-71366DAE0643}
	EndGlobalSection
	GlobalSection(ExtensibilityGlobals) = postSolution
		SolutionGuid = {455627F9-38AF-4910-8647-0298BC802E49}
	EndGlobalSection
EndGlobal
